
Microsoft Visual Studio Solution File, Format Version 12.00
# Visual Studio Version 17
VisualStudioVersion = 17.14.37516.0 d17.14
MinimumVisualStudioVersion = 10.0.40219.1
Project("{FAE04EC0-301F-11D3-BF4B-00C04F79EFBC}") = "OOP-training", "OOP-training.csproj", "{8F73C22D-44BA-4613-818D-225CF7F9F60E}"
EndProject
Global
	GlobalSection(SolutionConfigurationPlatforms) = preSolution
		Debug|Any CPU = Debug|Any CPU
		Release|Any CPU = Release|Any CPU
	EndGlobalSection
	GlobalSection(ProjectConfigurationPlatforms) = postSolution
		{8F73C22D-44BA-4613-818D-225CF7F9F60E}.Debug|Any CPU.ActiveCfg = Debug|Any CPU
		{8F73C22D-44BA-4613-818D-225CF7F9F60E}.Debug|Any CPU.Build.0 = Debug|Any CPU
		{8F73C22D-44BA-4613-818D-225CF7F9F60E}.Release|Any CPU.ActiveCfg = Release|Any CPU
		{8F73C22D-44BA-4613-818D-225CF7F9F60E}.Release|Any CPU.Build.0 = Release|Any CPU
	EndGlobalSection
	GlobalSection(SolutionProperties) = preSolution
		HideSolutionNode = FALSE
	EndGlobalSection
	GlobalSection(ExtensibilityGlobals) = postSolution
		SolutionGuid = {4509E3B8-25E1-4AB9-B356-1606E4135778}
	EndGlobalSection
EndGlobal
